
Microsoft Visual Studio Solution File, Format Version 12.00
# Visual Studio Version 16
VisualStudioVersion = 16.0.31702.278
MinimumVisualStudioVersion = 10.0.40219.1
Project("{FAE04EC0-301F-11D3-BF4B-00C04F79EFBC}") = "SampleApi.Hafta1", "SampleApi.Hafta1\SampleApi.Hafta1.csproj", "{9BF56530-C54B-45E4-9681-9CDBA4E86F08}"
EndProject
Global
	GlobalSection(SolutionConfigurationPlatforms) = preSolution
		Debug|Any CPU = Debug|Any CPU
		Release|Any CPU = Release|Any CPU
	EndGlobalSection
	GlobalSection(ProjectConfigurationPlatforms) = postSolution
		{9BF56530-C54B-45E4-9681-9CDBA4E86F08}.Debug|Any CPU.ActiveCfg = Debug|Any CPU
		{9BF56530-C54B-45E4-9681-9CDBA4E86F08}.Debug|Any CPU.Build.0 = Debug|Any CPU
		{9BF56530-C54B-45E4-9681-9CDBA4E86F08}.Release|Any CPU.ActiveCfg = Release|Any CPU
		{9BF56530-C54B-45E4-9681-9CDBA4E86F08}.Release|Any CPU.Build.0 = Release|Any CPU
	EndGlobalSection
	GlobalSection(SolutionProperties) = preSolution
		HideSolutionNode = FALSE
	EndGlobalSection
	GlobalSection(ExtensibilityGlobals) = postSolution
		SolutionGuid = {83EE9C7B-0CEB-4741-BF21-E43ADF6B8704}
	EndGlobalSection
EndGlobal
